// !$*UTF8*$!
{
	archiveVersion = 1;
	classes = {
	};
	objectVersion = 56;
	objects = {

/* Begin PBXBuildFile section */
		D51034672A0AA2A200C1A624 /* TabBar.swift in Sources */ = {isa = PBXBuildFile; fileRef = D51034662A0AA2A200C1A624 /* TabBar.swift */; };
		D5232D112A0BF50C000C098A /* Satoshi-Bold.otf in Resources */ = {isa = PBXBuildFile; fileRef = D5232D0C2A0BF50B000C098A /* Satoshi-Bold.otf */; };
		D5232D122A0BF50C000C098A /* Satoshi-Black.otf in Resources */ = {isa = PBXBuildFile; fileRef = D5232D0D2A0BF50B000C098A /* Satoshi-Black.otf */; };
		D5232D132A0BF50C000C098A /* Satoshi-Light.otf in Resources */ = {isa = PBXBuildFile; fileRef = D5232D0E2A0BF50C000C098A /* Satoshi-Light.otf */; };
		D5232D142A0BF50C000C098A /* Satoshi-Regular.otf in Resources */ = {isa = PBXBuildFile; fileRef = D5232D0F2A0BF50C000C098A /* Satoshi-Regular.otf */; };
		D5232D152A0BF50C000C098A /* Satoshi-Medium.otf in Resources */ = {isa = PBXBuildFile; fileRef = D5232D102A0BF50C000C098A /* Satoshi-Medium.otf */; };
		D5232D172A0BF841000C098A /* Typography.swift in Sources */ = {isa = PBXBuildFile; fileRef = D5232D162A0BF841000C098A /* Typography.swift */; };
		D5232D1A2A0C295A000C098A /* CategoryCollectionViewCell.swift in Sources */ = {isa = PBXBuildFile; fileRef = D5232D182A0C295A000C098A /* CategoryCollectionViewCell.swift */; };
		D5232D1B2A0C295A000C098A /* CategoryCollectionViewCell.xib in Resources */ = {isa = PBXBuildFile; fileRef = D5232D192A0C295A000C098A /* CategoryCollectionViewCell.xib */; };
		D5232D2A2A0C3F04000C098A /* ArtistCollectionViewCell.swift in Sources */ = {isa = PBXBuildFile; fileRef = D5232D282A0C3F04000C098A /* ArtistCollectionViewCell.swift */; };
		D5232D2B2A0C3F04000C098A /* ArtistCollectionViewCell.xib in Resources */ = {isa = PBXBuildFile; fileRef = D5232D292A0C3F04000C098A /* ArtistCollectionViewCell.xib */; };
		D530468D2A0A59980007662C /* HomeCollectionViewCell.swift in Sources */ = {isa = PBXBuildFile; fileRef = D530468B2A0A59980007662C /* HomeCollectionViewCell.swift */; };
		D530468E2A0A59980007662C /* HomeCollectionViewCell.xib in Resources */ = {isa = PBXBuildFile; fileRef = D530468C2A0A59980007662C /* HomeCollectionViewCell.xib */; };
		D53046922A0A5ABE0007662C /* Color.xcassets in Resources */ = {isa = PBXBuildFile; fileRef = D53046912A0A5ABE0007662C /* Color.xcassets */; };
		D53046942A0A5AEF0007662C /* Icon.xcassets in Resources */ = {isa = PBXBuildFile; fileRef = D53046932A0A5AEF0007662C /* Icon.xcassets */; };
		D53046A32A0A5E540007662C /* UINib+Extension.swift in Sources */ = {isa = PBXBuildFile; fileRef = D53046A22A0A5E540007662C /* UINib+Extension.swift */; };
		D53046A52A0A68CB0007662C /* UIImageView+Extension.swift in Sources */ = {isa = PBXBuildFile; fileRef = D53046A42A0A68CB0007662C /* UIImageView+Extension.swift */; };
		D53046A72A0A6F5C0007662C /* SearchField.swift in Sources */ = {isa = PBXBuildFile; fileRef = D53046A62A0A6F5C0007662C /* SearchField.swift */; };
		D53046A92A0A7BF60007662C /* UIViewController+Extension.swift in Sources */ = {isa = PBXBuildFile; fileRef = D53046A82A0A7BF60007662C /* UIViewController+Extension.swift */; };
		D53046AB2A0A87970007662C /* UILabel+Extension.swift in Sources */ = {isa = PBXBuildFile; fileRef = D53046AA2A0A87970007662C /* UILabel+Extension.swift */; };
		D58FC22C2A0D26FF00FF666D /* CoreDataManager.swift in Sources */ = {isa = PBXBuildFile; fileRef = D58FC22B2A0D26FF00FF666D /* CoreDataManager.swift */; };
		D58FC22E2A0D2B0B00FF666D /* Favorite.swift in Sources */ = {isa = PBXBuildFile; fileRef = D58FC22D2A0D2B0B00FF666D /* Favorite.swift */; };
		D58FC2382A0D3C0700FF666D /* Database.xcdatamodeld in Sources */ = {isa = PBXBuildFile; fileRef = D58FC2362A0D3C0700FF666D /* Database.xcdatamodeld */; };
		D58FC23B2A0D4C1100FF666D /* FavoritesCollectionViewCell.swift in Sources */ = {isa = PBXBuildFile; fileRef = D58FC2392A0D4C1100FF666D /* FavoritesCollectionViewCell.swift */; };
		D58FC23C2A0D4C1100FF666D /* FavoritesCollectionViewCell.xib in Resources */ = {isa = PBXBuildFile; fileRef = D58FC23A2A0D4C1100FF666D /* FavoritesCollectionViewCell.xib */; };
		D5DD58372A0908980058BA23 /* AppDelegate.swift in Sources */ = {isa = PBXBuildFile; fileRef = D5DD58362A0908980058BA23 /* AppDelegate.swift */; };
		D5DD58392A0908980058BA23 /* SceneDelegate.swift in Sources */ = {isa = PBXBuildFile; fileRef = D5DD58382A0908980058BA23 /* SceneDelegate.swift */; };
		D5DD583E2A0908980058BA23 /* Main.storyboard in Resources */ = {isa = PBXBuildFile; fileRef = D5DD583C2A0908980058BA23 /* Main.storyboard */; };
		D5DD58402A09089A0058BA23 /* Assets.xcassets in Resources */ = {isa = PBXBuildFile; fileRef = D5DD583F2A09089A0058BA23 /* Assets.xcassets */; };
		D5DD58432A09089A0058BA23 /* LaunchScreen.storyboard in Resources */ = {isa = PBXBuildFile; fileRef = D5DD58412A09089A0058BA23 /* LaunchScreen.storyboard */; };
		D5DD58532A090BB30058BA23 /* Alamofire in Frameworks */ = {isa = PBXBuildFile; productRef = D5DD58522A090BB30058BA23 /* Alamofire */; };
		D5DD58562A090BC70058BA23 /* Kingfisher in Frameworks */ = {isa = PBXBuildFile; productRef = D5DD58552A090BC70058BA23 /* Kingfisher */; };
		D5DD58592A090C020058BA23 /* SkeletonView in Frameworks */ = {isa = PBXBuildFile; productRef = D5DD58582A090C020058BA23 /* SkeletonView */; };
		D5DD58602A091A010058BA23 /* HomeViewController.swift in Sources */ = {isa = PBXBuildFile; fileRef = D5DD585F2A091A010058BA23 /* HomeViewController.swift */; };
		D5DD58622A091A1B0058BA23 /* HomeViewModel.swift in Sources */ = {isa = PBXBuildFile; fileRef = D5DD58612A091A1B0058BA23 /* HomeViewModel.swift */; };
		D5DD58642A09231E0058BA23 /* CategoryViewController.swift in Sources */ = {isa = PBXBuildFile; fileRef = D5DD58632A09231E0058BA23 /* CategoryViewController.swift */; };
		D5DD58662A09233B0058BA23 /* CategoryViewModel.swift in Sources */ = {isa = PBXBuildFile; fileRef = D5DD58652A09233B0058BA23 /* CategoryViewModel.swift */; };
		D5DD58692A0923990058BA23 /* ArtistViewController.swift in Sources */ = {isa = PBXBuildFile; fileRef = D5DD58682A0923990058BA23 /* ArtistViewController.swift */; };
		D5DD586B2A0923B10058BA23 /* ArtistViewModel.swift in Sources */ = {isa = PBXBuildFile; fileRef = D5DD586A2A0923B10058BA23 /* ArtistViewModel.swift */; };
		D5DD586D2A0923F10058BA23 /* AlbumViewController.swift in Sources */ = {isa = PBXBuildFile; fileRef = D5DD586C2A0923F10058BA23 /* AlbumViewController.swift */; };
		D5DD586F2A0924090058BA23 /* AlbumViewModel.swift in Sources */ = {isa = PBXBuildFile; fileRef = D5DD586E2A0924090058BA23 /* AlbumViewModel.swift */; };
		D5DD58712A09242D0058BA23 /* FavoriteViewController.swift in Sources */ = {isa = PBXBuildFile; fileRef = D5DD58702A09242D0058BA23 /* FavoriteViewController.swift */; };
		D5DD58732A0924470058BA23 /* FavoriteViewModel.swift in Sources */ = {isa = PBXBuildFile; fileRef = D5DD58722A0924470058BA23 /* FavoriteViewModel.swift */; };
		D5DD587A2A0927160058BA23 /* NetworkHelper.swift in Sources */ = {isa = PBXBuildFile; fileRef = D5DD58792A0927160058BA23 /* NetworkHelper.swift */; };
		D5DD587C2A0927410058BA23 /* NetworkManager.swift in Sources */ = {isa = PBXBuildFile; fileRef = D5DD587B2A0927410058BA23 /* NetworkManager.swift */; };
		D5DD587E2A09277A0058BA23 /* DeezerHelper.swift in Sources */ = {isa = PBXBuildFile; fileRef = D5DD587D2A09277A0058BA23 /* DeezerHelper.swift */; };
		D5DD58802A0928550058BA23 /* DeezerManager.swift in Sources */ = {isa = PBXBuildFile; fileRef = D5DD587F2A0928550058BA23 /* DeezerManager.swift */; };
		D5DD58822A0928C00058BA23 /* Genres.swift in Sources */ = {isa = PBXBuildFile; fileRef = D5DD58812A0928C00058BA23 /* Genres.swift */; };
		D5DD58842A092D9E0058BA23 /* Artists.swift in Sources */ = {isa = PBXBuildFile; fileRef = D5DD58832A092D9E0058BA23 /* Artists.swift */; };
		D5DD58862A092E530058BA23 /* Artist.swift in Sources */ = {isa = PBXBuildFile; fileRef = D5DD58852A092E530058BA23 /* Artist.swift */; };
		D5DD58882A092E8F0058BA23 /* Albums.swift in Sources */ = {isa = PBXBuildFile; fileRef = D5DD58872A092E8F0058BA23 /* Albums.swift */; };
		D5DD588A2A092EB80058BA23 /* Album.swift in Sources */ = {isa = PBXBuildFile; fileRef = D5DD58892A092EB80058BA23 /* Album.swift */; };
		D5DD588D2A0989D60058BA23 /* SplashViewController.swift in Sources */ = {isa = PBXBuildFile; fileRef = D5DD588C2A0989D60058BA23 /* SplashViewController.swift */; };
/* End PBXBuildFile section */

/* Begin PBXFileReference section */
		D51034662A0AA2A200C1A624 /* TabBar.swift */ = {isa = PBXFileReference; lastKnownFileType = sourcecode.swift; path = TabBar.swift; sourceTree = "<group>"; };
		D5232D0C2A0BF50B000C098A /* Satoshi-Bold.otf */ = {isa = PBXFileReference; lastKnownFileType = file; path = "Satoshi-Bold.otf"; sourceTree = "<group>"; };
		D5232D0D2A0BF50B000C098A /* Satoshi-Black.otf */ = {isa = PBXFileReference; lastKnownFileType = file; path = "Satoshi-Black.otf"; sourceTree = "<group>"; };
		D5232D0E2A0BF50C000C098A /* Satoshi-Light.otf */ = {isa = PBXFileReference; lastKnownFileType = file; path = "Satoshi-Light.otf"; sourceTree = "<group>"; };
		D5232D0F2A0BF50C000C098A /* Satoshi-Regular.otf */ = {isa = PBXFileReference; lastKnownFileType = file; path = "Satoshi-Regular.otf"; sourceTree = "<group>"; };
		D5232D102A0BF50C000C098A /* Satoshi-Medium.otf */ = {isa = PBXFileReference; lastKnownFileType = file; path = "Satoshi-Medium.otf"; sourceTree = "<group>"; };
		D5232D162A0BF841000C098A /* Typography.swift */ = {isa = PBXFileReference; lastKnownFileType = sourcecode.swift; path = Typography.swift; sourceTree = "<group>"; };
		D5232D182A0C295A000C098A /* CategoryCollectionViewCell.swift */ = {isa = PBXFileReference; lastKnownFileType = sourcecode.swift; path = CategoryCollectionViewCell.swift; sourceTree = "<group>"; };
		D5232D192A0C295A000C098A /* CategoryCollectionViewCell.xib */ = {isa = PBXFileReference; lastKnownFileType = file.xib; path = CategoryCollectionViewCell.xib; sourceTree = "<group>"; };
		D5232D282A0C3F04000C098A /* ArtistCollectionViewCell.swift */ = {isa = PBXFileReference; lastKnownFileType = sourcecode.swift; path = ArtistCollectionViewCell.swift; sourceTree = "<group>"; };
		D5232D292A0C3F04000C098A /* ArtistCollectionViewCell.xib */ = {isa = PBXFileReference; lastKnownFileType = file.xib; path = ArtistCollectionViewCell.xib; sourceTree = "<group>"; };
		D530468B2A0A59980007662C /* HomeCollectionViewCell.swift */ = {isa = PBXFileReference; lastKnownFileType = sourcecode.swift; path = HomeCollectionViewCell.swift; sourceTree = "<group>"; };
		D530468C2A0A59980007662C /* HomeCollectionViewCell.xib */ = {isa = PBXFileReference; lastKnownFileType = file.xib; path = HomeCollectionViewCell.xib; sourceTree = "<group>"; };
		D53046912A0A5ABE0007662C /* Color.xcassets */ = {isa = PBXFileReference; lastKnownFileType = folder.assetcatalog; path = Color.xcassets; sourceTree = "<group>"; };
		D53046932A0A5AEF0007662C /* Icon.xcassets */ = {isa = PBXFileReference; lastKnownFileType = folder.assetcatalog; path = Icon.xcassets; sourceTree = "<group>"; };
		D53046A22A0A5E540007662C /* UINib+Extension.swift */ = {isa = PBXFileReference; lastKnownFileType = sourcecode.swift; path = "UINib+Extension.swift"; sourceTree = "<group>"; };
		D53046A42A0A68CB0007662C /* UIImageView+Extension.swift */ = {isa = PBXFileReference; lastKnownFileType = sourcecode.swift; path = "UIImageView+Extension.swift"; sourceTree = "<group>"; };
		D53046A62A0A6F5C0007662C /* SearchField.swift */ = {isa = PBXFileReference; lastKnownFileType = sourcecode.swift; path = SearchField.swift; sourceTree = "<group>"; };
		D53046A82A0A7BF60007662C /* UIViewController+Extension.swift */ = {isa = PBXFileReference; lastKnownFileType = sourcecode.swift; path = "UIViewController+Extension.swift"; sourceTree = "<group>"; };
		D53046AA2A0A87970007662C /* UILabel+Extension.swift */ = {isa = PBXFileReference; lastKnownFileType = sourcecode.swift; path = "UILabel+Extension.swift"; sourceTree = "<group>"; };
		D58FC22B2A0D26FF00FF666D /* CoreDataManager.swift */ = {isa = PBXFileReference; lastKnownFileType = sourcecode.swift; path = CoreDataManager.swift; sourceTree = "<group>"; };
		D58FC22D2A0D2B0B00FF666D /* Favorite.swift */ = {isa = PBXFileReference; lastKnownFileType = sourcecode.swift; path = Favorite.swift; sourceTree = "<group>"; };
		D58FC2372A0D3C0700FF666D /* FavoritesEntity.xcdatamodel */ = {isa = PBXFileReference; lastKnownFileType = wrapper.xcdatamodel; path = FavoritesEntity.xcdatamodel; sourceTree = "<group>"; };
		D58FC2392A0D4C1100FF666D /* FavoritesCollectionViewCell.swift */ = {isa = PBXFileReference; lastKnownFileType = sourcecode.swift; path = FavoritesCollectionViewCell.swift; sourceTree = "<group>"; };
		D58FC23A2A0D4C1100FF666D /* FavoritesCollectionViewCell.xib */ = {isa = PBXFileReference; lastKnownFileType = file.xib; path = FavoritesCollectionViewCell.xib; sourceTree = "<group>"; };
		D5DD58332A0908980058BA23 /* Rhythm.app */ = {isa = PBXFileReference; explicitFileType = wrapper.application; includeInIndex = 0; path = Rhythm.app; sourceTree = BUILT_PRODUCTS_DIR; };
		D5DD58362A0908980058BA23 /* AppDelegate.swift */ = {isa = PBXFileReference; lastKnownFileType = sourcecode.swift; path = AppDelegate.swift; sourceTree = "<group>"; };
		D5DD58382A0908980058BA23 /* SceneDelegate.swift */ = {isa = PBXFileReference; lastKnownFileType = sourcecode.swift; path = SceneDelegate.swift; sourceTree = "<group>"; };
		D5DD583D2A0908980058BA23 /* Base */ = {isa = PBXFileReference; lastKnownFileType = file.storyboard; name = Base; path = Base.lproj/Main.storyboard; sourceTree = "<group>"; };
		D5DD583F2A09089A0058BA23 /* Assets.xcassets */ = {isa = PBXFileReference; lastKnownFileType = folder.assetcatalog; path = Assets.xcassets; sourceTree = "<group>"; };
		D5DD58422A09089A0058BA23 /* Base */ = {isa = PBXFileReference; lastKnownFileType = file.storyboard; name = Base; path = Base.lproj/LaunchScreen.storyboard; sourceTree = "<group>"; };
		D5DD58442A09089A0058BA23 /* Info.plist */ = {isa = PBXFileReference; lastKnownFileType = text.plist.xml; path = Info.plist; sourceTree = "<group>"; };
		D5DD585F2A091A010058BA23 /* HomeViewController.swift */ = {isa = PBXFileReference; lastKnownFileType = sourcecode.swift; path = HomeViewController.swift; sourceTree = "<group>"; };
		D5DD58612A091A1B0058BA23 /* HomeViewModel.swift */ = {isa = PBXFileReference; lastKnownFileType = sourcecode.swift; path = HomeViewModel.swift; sourceTree = "<group>"; };
		D5DD58632A09231E0058BA23 /* CategoryViewController.swift */ = {isa = PBXFileReference; lastKnownFileType = sourcecode.swift; path = CategoryViewController.swift; sourceTree = "<group>"; };
		D5DD58652A09233B0058BA23 /* CategoryViewModel.swift */ = {isa = PBXFileReference; lastKnownFileType = sourcecode.swift; path = CategoryViewModel.swift; sourceTree = "<group>"; };
		D5DD58682A0923990058BA23 /* ArtistViewController.swift */ = {isa = PBXFileReference; lastKnownFileType = sourcecode.swift; path = ArtistViewController.swift; sourceTree = "<group>"; };
		D5DD586A2A0923B10058BA23 /* ArtistViewModel.swift */ = {isa = PBXFileReference; lastKnownFileType = sourcecode.swift; path = ArtistViewModel.swift; sourceTree = "<group>"; };
		D5DD586C2A0923F10058BA23 /* AlbumViewController.swift */ = {isa = PBXFileReference; lastKnownFileType = sourcecode.swift; path = AlbumViewController.swift; sourceTree = "<group>"; };
		D5DD586E2A0924090058BA23 /* AlbumViewModel.swift */ = {isa = PBXFileReference; lastKnownFileType = sourcecode.swift; path = AlbumViewModel.swift; sourceTree = "<group>"; };
		D5DD58702A09242D0058BA23 /* FavoriteViewController.swift */ = {isa = PBXFileReference; lastKnownFileType = sourcecode.swift; path = FavoriteViewController.swift; sourceTree = "<group>"; };
		D5DD58722A0924470058BA23 /* FavoriteViewModel.swift */ = {isa = PBXFileReference; lastKnownFileType = sourcecode.swift; path = FavoriteViewModel.swift; sourceTree = "<group>"; };
		D5DD58792A0927160058BA23 /* NetworkHelper.swift */ = {isa = PBXFileReference; lastKnownFileType = sourcecode.swift; path = NetworkHelper.swift; sourceTree = "<group>"; };
		D5DD587B2A0927410058BA23 /* NetworkManager.swift */ = {isa = PBXFileReference; lastKnownFileType = sourcecode.swift; path = NetworkManager.swift; sourceTree = "<group>"; };
		D5DD587D2A09277A0058BA23 /* DeezerHelper.swift */ = {isa = PBXFileReference; lastKnownFileType = sourcecode.swift; path = DeezerHelper.swift; sourceTree = "<group>"; };
		D5DD587F2A0928550058BA23 /* DeezerManager.swift */ = {isa = PBXFileReference; lastKnownFileType = sourcecode.swift; path = DeezerManager.swift; sourceTree = "<group>"; };
		D5DD58812A0928C00058BA23 /* Genres.swift */ = {isa = PBXFileReference; lastKnownFileType = sourcecode.swift; path = Genres.swift; sourceTree = "<group>"; };
		D5DD58832A092D9E0058BA23 /* Artists.swift */ = {isa = PBXFileReference; lastKnownFileType = sourcecode.swift; path = Artists.swift; sourceTree = "<group>"; };
		D5DD58852A092E530058BA23 /* Artist.swift */ = {isa = PBXFileReference; lastKnownFileType = sourcecode.swift; path = Artist.swift; sourceTree = "<group>"; };
		D5DD58872A092E8F0058BA23 /* Albums.swift */ = {isa = PBXFileReference; lastKnownFileType = sourcecode.swift; path = Albums.swift; sourceTree = "<group>"; };
		D5DD58892A092EB80058BA23 /* Album.swift */ = {isa = PBXFileReference; lastKnownFileType = sourcecode.swift; path = Album.swift; sourceTree = "<group>"; };
		D5DD588C2A0989D60058BA23 /* SplashViewController.swift */ = {isa = PBXFileReference; lastKnownFileType = sourcecode.swift; path = SplashViewController.swift; sourceTree = "<group>"; };
/* End PBXFileReference section */

/* Begin PBXFrameworksBuildPhase section */
		D5DD58302A0908980058BA23 /* Frameworks */ = {
			isa = PBXFrameworksBuildPhase;
			buildActionMask = 2147483647;
			files = (
				D5DD58562A090BC70058BA23 /* Kingfisher in Frameworks */,
				D5DD58592A090C020058BA23 /* SkeletonView in Frameworks */,
				D5DD58532A090BB30058BA23 /* Alamofire in Frameworks */,
			);
			runOnlyForDeploymentPostprocessing = 0;
		};
/* End PBXFrameworksBuildPhase section */

/* Begin PBXGroup section */
		D53046952A0A5AF20007662C /* Font */ = {
			isa = PBXGroup;
			children = (
				D5232D0D2A0BF50B000C098A /* Satoshi-Black.otf */,
				D5232D0C2A0BF50B000C098A /* Satoshi-Bold.otf */,
				D5232D0E2A0BF50C000C098A /* Satoshi-Light.otf */,
				D5232D102A0BF50C000C098A /* Satoshi-Medium.otf */,
				D5232D0F2A0BF50C000C098A /* Satoshi-Regular.otf */,
			);
			path = Font;
			sourceTree = "<group>";
		};
		D58FC22A2A0D26ED00FF666D /* Database */ = {
			isa = PBXGroup;
			children = (
				D58FC22B2A0D26FF00FF666D /* CoreDataManager.swift */,
				D58FC2362A0D3C0700FF666D /* Database.xcdatamodeld */,
			);
			path = Database;
			sourceTree = "<group>";
		};
		D5DD582A2A0908980058BA23 = {
			isa = PBXGroup;
			children = (
				D5DD58352A0908980058BA23 /* Rhythm */,
				D5DD58342A0908980058BA23 /* Products */,
			);
			sourceTree = "<group>";
		};
		D5DD58342A0908980058BA23 /* Products */ = {
			isa = PBXGroup;
			children = (
				D5DD58332A0908980058BA23 /* Rhythm.app */,
			);
			name = Products;
			sourceTree = "<group>";
		};
		D5DD58352A0908980058BA23 /* Rhythm */ = {
			isa = PBXGroup;
			children = (
				D58FC22A2A0D26ED00FF666D /* Database */,
				D5DD584D2A090A0B0058BA23 /* Helper */,
				D5DD584A2A0909DD0058BA23 /* Network */,
				D5DD584B2A0909ED0058BA23 /* Model */,
				D5DD584C2A0909FB0058BA23 /* Scene */,
				D5DD584F2A090A2A0058BA23 /* Resource */,
				D5DD58362A0908980058BA23 /* AppDelegate.swift */,
				D5DD58382A0908980058BA23 /* SceneDelegate.swift */,
				D5DD583C2A0908980058BA23 /* Main.storyboard */,
				D5DD58412A09089A0058BA23 /* LaunchScreen.storyboard */,
				D5DD58442A09089A0058BA23 /* Info.plist */,
			);
			path = Rhythm;
			sourceTree = "<group>";
		};
		D5DD584A2A0909DD0058BA23 /* Network */ = {
			isa = PBXGroup;
			children = (
				D5DD58782A0927000058BA23 /* Core */,
				D5DD587D2A09277A0058BA23 /* DeezerHelper.swift */,
				D5DD587F2A0928550058BA23 /* DeezerManager.swift */,
			);
			path = Network;
			sourceTree = "<group>";
		};
		D5DD584B2A0909ED0058BA23 /* Model */ = {
			isa = PBXGroup;
			children = (
				D5DD58812A0928C00058BA23 /* Genres.swift */,
				D5DD58832A092D9E0058BA23 /* Artists.swift */,
				D5DD58852A092E530058BA23 /* Artist.swift */,
				D5DD58872A092E8F0058BA23 /* Albums.swift */,
				D5DD58892A092EB80058BA23 /* Album.swift */,
				D58FC22D2A0D2B0B00FF666D /* Favorite.swift */,
			);
			path = Model;
			sourceTree = "<group>";
		};
		D5DD584C2A0909FB0058BA23 /* Scene */ = {
			isa = PBXGroup;
			children = (
				D5DD588B2A0989AB0058BA23 /* Splash */,
				D5DD585A2A0918B20058BA23 /* Home */,
				D5DD585C2A0918D60058BA23 /* Category */,
				D5DD585D2A0918F30058BA23 /* Artist */,
				D5DD585E2A0919090058BA23 /* Album */,
				D5DD585B2A0918B60058BA23 /* Favorite */,
			);
			path = Scene;
			sourceTree = "<group>";
		};
		D5DD584D2A090A0B0058BA23 /* Helper */ = {
			isa = PBXGroup;
			children = (
				D5DD58502A090B340058BA23 /* Extension */,
				D5DD584E2A090A210058BA23 /* View */,
				D5232D162A0BF841000C098A /* Typography.swift */,
			);
			path = Helper;
			sourceTree = "<group>";
		};
		D5DD584E2A090A210058BA23 /* View */ = {
			isa = PBXGroup;
			children = (
				D53046A62A0A6F5C0007662C /* SearchField.swift */,
				D51034662A0AA2A200C1A624 /* TabBar.swift */,
			);
			path = View;
			sourceTree = "<group>";
		};
		D5DD584F2A090A2A0058BA23 /* Resource */ = {
			isa = PBXGroup;
			children = (
				D53046952A0A5AF20007662C /* Font */,
				D5DD583F2A09089A0058BA23 /* Assets.xcassets */,
				D53046912A0A5ABE0007662C /* Color.xcassets */,
				D53046932A0A5AEF0007662C /* Icon.xcassets */,
			);
			path = Resource;
			sourceTree = "<group>";
		};
		D5DD58502A090B340058BA23 /* Extension */ = {
			isa = PBXGroup;
			children = (
				D53046A22A0A5E540007662C /* UINib+Extension.swift */,
				D53046A42A0A68CB0007662C /* UIImageView+Extension.swift */,
				D53046A82A0A7BF60007662C /* UIViewController+Extension.swift */,
				D53046AA2A0A87970007662C /* UILabel+Extension.swift */,
			);
			path = Extension;
			sourceTree = "<group>";
		};
		D5DD585A2A0918B20058BA23 /* Home */ = {
			isa = PBXGroup;
			children = (
				D5DD585F2A091A010058BA23 /* HomeViewController.swift */,
				D5DD58612A091A1B0058BA23 /* HomeViewModel.swift */,
				D5DD58672A0923460058BA23 /* Cell */,
			);
			path = Home;
			sourceTree = "<group>";
		};
		D5DD585B2A0918B60058BA23 /* Favorite */ = {
			isa = PBXGroup;
			children = (
				D5DD58702A09242D0058BA23 /* FavoriteViewController.swift */,
				D5DD58722A0924470058BA23 /* FavoriteViewModel.swift */,
				D5DD58772A0925740058BA23 /* Cell */,
			);
			path = Favorite;
			sourceTree = "<group>";
		};
		D5DD585C2A0918D60058BA23 /* Category */ = {
			isa = PBXGroup;
			children = (
				D5DD58632A09231E0058BA23 /* CategoryViewController.swift */,
				D5DD58652A09233B0058BA23 /* CategoryViewModel.swift */,
				D5DD58742A0925540058BA23 /* Cell */,
			);
			path = Category;
			sourceTree = "<group>";
		};
		D5DD585D2A0918F30058BA23 /* Artist */ = {
			isa = PBXGroup;
			children = (
				D5DD58682A0923990058BA23 /* ArtistViewController.swift */,
				D5DD586A2A0923B10058BA23 /* ArtistViewModel.swift */,
				D5DD58752A0925620058BA23 /* Cell */,
			);
			path = Artist;
			sourceTree = "<group>";
		};
		D5DD585E2A0919090058BA23 /* Album */ = {
			isa = PBXGroup;
			children = (
				D5DD58762A09256A0058BA23 /* Cell */,
				D5DD586C2A0923F10058BA23 /* AlbumViewController.swift */,
				D5DD586E2A0924090058BA23 /* AlbumViewModel.swift */,
			);
			path = Album;
			sourceTree = "<group>";
		};
		D5DD58672A0923460058BA23 /* Cell */ = {
			isa = PBXGroup;
			children = (
				D530468B2A0A59980007662C /* HomeCollectionViewCell.swift */,
				D530468C2A0A59980007662C /* HomeCollectionViewCell.xib */,
			);
			path = Cell;
			sourceTree = "<group>";
		};
		D5DD58742A0925540058BA23 /* Cell */ = {
			isa = PBXGroup;
			children = (
				D5232D182A0C295A000C098A /* CategoryCollectionViewCell.swift */,
				D5232D192A0C295A000C098A /* CategoryCollectionViewCell.xib */,
			);
			path = Cell;
			sourceTree = "<group>";
		};
		D5DD58752A0925620058BA23 /* Cell */ = {
			isa = PBXGroup;
			children = (
				D5232D282A0C3F04000C098A /* ArtistCollectionViewCell.swift */,
				D5232D292A0C3F04000C098A /* ArtistCollectionViewCell.xib */,
			);
			path = Cell;
			sourceTree = "<group>";
		};
		D5DD58762A09256A0058BA23 /* Cell */ = {
			isa = PBXGroup;
			children = (
			);
			path = Cell;
			sourceTree = "<group>";
		};
		D5DD58772A0925740058BA23 /* Cell */ = {
			isa = PBXGroup;
			children = (
				D58FC2392A0D4C1100FF666D /* FavoritesCollectionViewCell.swift */,
				D58FC23A2A0D4C1100FF666D /* FavoritesCollectionViewCell.xib */,
			);
			path = Cell;
			sourceTree = "<group>";
		};
		D5DD58782A0927000058BA23 /* Core */ = {
			isa = PBXGroup;
			children = (
				D5DD58792A0927160058BA23 /* NetworkHelper.swift */,
				D5DD587B2A0927410058BA23 /* NetworkManager.swift */,
			);
			path = Core;
			sourceTree = "<group>";
		};
		D5DD588B2A0989AB0058BA23 /* Splash */ = {
			isa = PBXGroup;
			children = (
				D5DD588C2A0989D60058BA23 /* SplashViewController.swift */,
			);
			path = Splash;
			sourceTree = "<group>";
		};
/* End PBXGroup section */

/* Begin PBXNativeTarget section */
		D5DD58322A0908980058BA23 /* Rhythm */ = {
			isa = PBXNativeTarget;
			buildConfigurationList = D5DD58472A09089A0058BA23 /* Build configuration list for PBXNativeTarget "Rhythm" */;
			buildPhases = (
				D5DD582F2A0908980058BA23 /* Sources */,
				D5DD58302A0908980058BA23 /* Frameworks */,
				D5DD58312A0908980058BA23 /* Resources */,
			);
			buildRules = (
			);
			dependencies = (
			);
			name = Rhythm;
			packageProductDependencies = (
				D5DD58522A090BB30058BA23 /* Alamofire */,
				D5DD58552A090BC70058BA23 /* Kingfisher */,
				D5DD58582A090C020058BA23 /* SkeletonView */,
			);
			productName = Rhythm;
			productReference = D5DD58332A0908980058BA23 /* Rhythm.app */;
			productType = "com.apple.product-type.application";
		};
/* End PBXNativeTarget section */

/* Begin PBXProject section */
		D5DD582B2A0908980058BA23 /* Project object */ = {
			isa = PBXProject;
			attributes = {
				BuildIndependentTargetsInParallel = 1;
				LastSwiftUpdateCheck = 1430;
				LastUpgradeCheck = 1430;
				TargetAttributes = {
					D5DD58322A0908980058BA23 = {
						CreatedOnToolsVersion = 14.3;
					};
				};
			};
			buildConfigurationList = D5DD582E2A0908980058BA23 /* Build configuration list for PBXProject "Rhythm" */;
			compatibilityVersion = "Xcode 14.0";
			developmentRegion = en;
			hasScannedForEncodings = 0;
			knownRegions = (
				en,
				Base,
			);
			mainGroup = D5DD582A2A0908980058BA23;
			packageReferences = (
				D5DD58512A090BB30058BA23 /* XCRemoteSwiftPackageReference "Alamofire" */,
				D5DD58542A090BC70058BA23 /* XCRemoteSwiftPackageReference "Kingfisher" */,
				D5DD58572A090C020058BA23 /* XCRemoteSwiftPackageReference "SkeletonView" */,
			);
			productRefGroup = D5DD58342A0908980058BA23 /* Products */;
			projectDirPath = "";
			projectRoot = "";
			targets = (
				D5DD58322A0908980058BA23 /* Rhythm */,
			);
		};
/* End PBXProject section */

/* Begin PBXResourcesBuildPhase section */
		D5DD58312A0908980058BA23 /* Resources */ = {
			isa = PBXResourcesBuildPhase;
			buildActionMask = 2147483647;
			files = (
				D5232D112A0BF50C000C098A /* Satoshi-Bold.otf in Resources */,
				D5232D122A0BF50C000C098A /* Satoshi-Black.otf in Resources */,
				D5232D152A0BF50C000C098A /* Satoshi-Medium.otf in Resources */,
				D53046942A0A5AEF0007662C /* Icon.xcassets in Resources */,
				D5DD58432A09089A0058BA23 /* LaunchScreen.storyboard in Resources */,
				D5232D2B2A0C3F04000C098A /* ArtistCollectionViewCell.xib in Resources */,
				D58FC23C2A0D4C1100FF666D /* FavoritesCollectionViewCell.xib in Resources */,
				D5DD58402A09089A0058BA23 /* Assets.xcassets in Resources */,
				D5232D1B2A0C295A000C098A /* CategoryCollectionViewCell.xib in Resources */,
				D530468E2A0A59980007662C /* HomeCollectionViewCell.xib in Resources */,
				D5DD583E2A0908980058BA23 /* Main.storyboard in Resources */,
				D53046922A0A5ABE0007662C /* Color.xcassets in Resources */,
				D5232D132A0BF50C000C098A /* Satoshi-Light.otf in Resources */,
				D5232D142A0BF50C000C098A /* Satoshi-Regular.otf in Resources */,
			);
			runOnlyForDeploymentPostprocessing = 0;
		};
/* End PBXResourcesBuildPhase section */

/* Begin PBXSourcesBuildPhase section */
		D5DD582F2A0908980058BA23 /* Sources */ = {
			isa = PBXSourcesBuildPhase;
			buildActionMask = 2147483647;
			files = (
				D5232D1A2A0C295A000C098A /* CategoryCollectionViewCell.swift in Sources */,
				D53046A92A0A7BF60007662C /* UIViewController+Extension.swift in Sources */,
				D5DD587A2A0927160058BA23 /* NetworkHelper.swift in Sources */,
				D5DD586B2A0923B10058BA23 /* ArtistViewModel.swift in Sources */,
				D5DD58842A092D9E0058BA23 /* Artists.swift in Sources */,
				D5DD58662A09233B0058BA23 /* CategoryViewModel.swift in Sources */,
				D5DD58372A0908980058BA23 /* AppDelegate.swift in Sources */,
				D5DD588A2A092EB80058BA23 /* Album.swift in Sources */,
				D53046A52A0A68CB0007662C /* UIImageView+Extension.swift in Sources */,
				D5232D2A2A0C3F04000C098A /* ArtistCollectionViewCell.swift in Sources */,
				D530468D2A0A59980007662C /* HomeCollectionViewCell.swift in Sources */,
				D5DD58692A0923990058BA23 /* ArtistViewController.swift in Sources */,
				D5DD58392A0908980058BA23 /* SceneDelegate.swift in Sources */,
				D53046A72A0A6F5C0007662C /* SearchField.swift in Sources */,
				D58FC23B2A0D4C1100FF666D /* FavoritesCollectionViewCell.swift in Sources */,
				D5DD586D2A0923F10058BA23 /* AlbumViewController.swift in Sources */,
				D51034672A0AA2A200C1A624 /* TabBar.swift in Sources */,
				D58FC2382A0D3C0700FF666D /* Database.xcdatamodeld in Sources */,
				D5DD58622A091A1B0058BA23 /* HomeViewModel.swift in Sources */,
				D5DD58802A0928550058BA23 /* DeezerManager.swift in Sources */,
				D5DD58642A09231E0058BA23 /* CategoryViewController.swift in Sources */,
				D58FC22C2A0D26FF00FF666D /* CoreDataManager.swift in Sources */,
				D5DD58822A0928C00058BA23 /* Genres.swift in Sources */,
				D5DD586F2A0924090058BA23 /* AlbumViewModel.swift in Sources */,
				D5DD58862A092E530058BA23 /* Artist.swift in Sources */,
				D5DD587C2A0927410058BA23 /* NetworkManager.swift in Sources */,
				D5DD58882A092E8F0058BA23 /* Albums.swift in Sources */,
				D5DD58712A09242D0058BA23 /* FavoriteViewController.swift in Sources */,
				D5DD587E2A09277A0058BA23 /* DeezerHelper.swift in Sources */,
				D5232D172A0BF841000C098A /* Typography.swift in Sources */,
				D5DD58602A091A010058BA23 /* HomeViewController.swift in Sources */,
				D53046AB2A0A87970007662C /* UILabel+Extension.swift in Sources */,
				D5DD58732A0924470058BA23 /* FavoriteViewModel.swift in Sources */,
				D58FC22E2A0D2B0B00FF666D /* Favorite.swift in Sources */,
				D5DD588D2A0989D60058BA23 /* SplashViewController.swift in Sources */,
				D53046A32A0A5E540007662C /* UINib+Extension.swift in Sources */,
			);
			runOnlyForDeploymentPostprocessing = 0;
		};
/* End PBXSourcesBuildPhase section */

/* Begin PBXVariantGroup section */
		D5DD583C2A0908980058BA23 /* Main.storyboard */ = {
			isa = PBXVariantGroup;
			children = (
				D5DD583D2A0908980058BA23 /* Base */,
			);
			name = Main.storyboard;
			sourceTree = "<group>";
		};
		D5DD58412A09089A0058BA23 /* LaunchScreen.storyboard */ = {
			isa = PBXVariantGroup;
			children = (
				D5DD58422A09089A0058BA23 /* Base */,
			);
			name = LaunchScreen.storyboard;
			sourceTree = "<group>";
		};
/* End PBXVariantGroup section */

/* Begin XCBuildConfiguration section */
		D5DD58452A09089A0058BA23 /* Debug */ = {
			isa = XCBuildConfiguration;
			buildSettings = {
				ALWAYS_SEARCH_USER_PATHS = NO;
				CLANG_ANALYZER_NONNULL = YES;
				CLANG_ANALYZER_NUMBER_OBJECT_CONVERSION = YES_AGGRESSIVE;
				CLANG_CXX_LANGUAGE_STANDARD = "gnu++20";
				CLANG_ENABLE_MODULES = YES;
				CLANG_ENABLE_OBJC_ARC = YES;
				CLANG_ENABLE_OBJC_WEAK = YES;
				CLANG_WARN_BLOCK_CAPTURE_AUTORELEASING = YES;
				CLANG_WARN_BOOL_CONVERSION = YES;
				CLANG_WARN_COMMA = YES;
				CLANG_WARN_CONSTANT_CONVERSION = YES;
				CLANG_WARN_DEPRECATED_OBJC_IMPLEMENTATIONS = YES;
				CLANG_WARN_DIRECT_OBJC_ISA_USAGE = YES_ERROR;
				CLANG_WARN_DOCUMENTATION_COMMENTS = YES;
				CLANG_WARN_EMPTY_BODY = YES;
				CLANG_WARN_ENUM_CONVERSION = YES;
				CLANG_WARN_INFINITE_RECURSION = YES;
				CLANG_WARN_INT_CONVERSION = YES;
				CLANG_WARN_NON_LITERAL_NULL_CONVERSION = YES;
				CLANG_WARN_OBJC_IMPLICIT_RETAIN_SELF = YES;
				CLANG_WARN_OBJC_LITERAL_CONVERSION = YES;
				CLANG_WARN_OBJC_ROOT_CLASS = YES_ERROR;
				CLANG_WARN_QUOTED_INCLUDE_IN_FRAMEWORK_HEADER = YES;
				CLANG_WARN_RANGE_LOOP_ANALYSIS = YES;
				CLANG_WARN_STRICT_PROTOTYPES = YES;
				CLANG_WARN_SUSPICIOUS_MOVE = YES;
				CLANG_WARN_UNGUARDED_AVAILABILITY = YES_AGGRESSIVE;
				CLANG_WARN_UNREACHABLE_CODE = YES;
				CLANG_WARN__DUPLICATE_METHOD_MATCH = YES;
				COPY_PHASE_STRIP = NO;
				DEBUG_INFORMATION_FORMAT = dwarf;
				ENABLE_STRICT_OBJC_MSGSEND = YES;
				ENABLE_TESTABILITY = YES;
				GCC_C_LANGUAGE_STANDARD = gnu11;
				GCC_DYNAMIC_NO_PIC = NO;
				GCC_NO_COMMON_BLOCKS = YES;
				GCC_OPTIMIZATION_LEVEL = 0;
				GCC_PREPROCESSOR_DEFINITIONS = (
					"DEBUG=1",
					"$(inherited)",
				);
				GCC_WARN_64_TO_32_BIT_CONVERSION = YES;
				GCC_WARN_ABOUT_RETURN_TYPE = YES_ERROR;
				GCC_WARN_UNDECLARED_SELECTOR = YES;
				GCC_WARN_UNINITIALIZED_AUTOS = YES_AGGRESSIVE;
				GCC_WARN_UNUSED_FUNCTION = YES;
				GCC_WARN_UNUSED_VARIABLE = YES;
				IPHONEOS_DEPLOYMENT_TARGET = 16.4;
				MTL_ENABLE_DEBUG_INFO = INCLUDE_SOURCE;
				MTL_FAST_MATH = YES;
				ONLY_ACTIVE_ARCH = YES;
				SDKROOT = iphoneos;
				SWIFT_ACTIVE_COMPILATION_CONDITIONS = DEBUG;
				SWIFT_OPTIMIZATION_LEVEL = "-Onone";
			};
			name = Debug;
		};
		D5DD58462A09089A0058BA23 /* Release */ = {
			isa = XCBuildConfiguration;
			buildSettings = {
				ALWAYS_SEARCH_USER_PATHS = NO;
				CLANG_ANALYZER_NONNULL = YES;
				CLANG_ANALYZER_NUMBER_OBJECT_CONVERSION = YES_AGGRESSIVE;
				CLANG_CXX_LANGUAGE_STANDARD = "gnu++20";
				CLANG_ENABLE_MODULES = YES;
				CLANG_ENABLE_OBJC_ARC = YES;
				CLANG_ENABLE_OBJC_WEAK = YES;
				CLANG_WARN_BLOCK_CAPTURE_AUTORELEASING = YES;
				CLANG_WARN_BOOL_CONVERSION = YES;
				CLANG_WARN_COMMA = YES;
				CLANG_WARN_CONSTANT_CONVERSION = YES;
				CLANG_WARN_DEPRECATED_OBJC_IMPLEMENTATIONS = YES;
				CLANG_WARN_DIRECT_OBJC_ISA_USAGE = YES_ERROR;
				CLANG_WARN_DOCUMENTATION_COMMENTS = YES;
				CLANG_WARN_EMPTY_BODY = YES;
				CLANG_WARN_ENUM_CONVERSION = YES;
				CLANG_WARN_INFINITE_RECURSION = YES;
				CLANG_WARN_INT_CONVERSION = YES;
				CLANG_WARN_NON_LITERAL_NULL_CONVERSION = YES;
				CLANG_WARN_OBJC_IMPLICIT_RETAIN_SELF = YES;
				CLANG_WARN_OBJC_LITERAL_CONVERSION = YES;
				CLANG_WARN_OBJC_ROOT_CLASS = YES_ERROR;
				CLANG_WARN_QUOTED_INCLUDE_IN_FRAMEWORK_HEADER = YES;
				CLANG_WARN_RANGE_LOOP_ANALYSIS = YES;
				CLANG_WARN_STRICT_PROTOTYPES = YES;
				CLANG_WARN_SUSPICIOUS_MOVE = YES;
				CLANG_WARN_UNGUARDED_AVAILABILITY = YES_AGGRESSIVE;
				CLANG_WARN_UNREACHABLE_CODE = YES;
				CLANG_WARN__DUPLICATE_METHOD_MATCH = YES;
				COPY_PHASE_STRIP = NO;
				DEBUG_INFORMATION_FORMAT = "dwarf-with-dsym";
				ENABLE_NS_ASSERTIONS = NO;
				ENABLE_STRICT_OBJC_MSGSEND = YES;
				GCC_C_LANGUAGE_STANDARD = gnu11;
				GCC_NO_COMMON_BLOCKS = YES;
				GCC_WARN_64_TO_32_BIT_CONVERSION = YES;
				GCC_WARN_ABOUT_RETURN_TYPE = YES_ERROR;
				GCC_WARN_UNDECLARED_SELECTOR = YES;
				GCC_WARN_UNINITIALIZED_AUTOS = YES_AGGRESSIVE;
				GCC_WARN_UNUSED_FUNCTION = YES;
				GCC_WARN_UNUSED_VARIABLE = YES;
				IPHONEOS_DEPLOYMENT_TARGET = 16.4;
				MTL_ENABLE_DEBUG_INFO = NO;
				MTL_FAST_MATH = YES;
				SDKROOT = iphoneos;
				SWIFT_COMPILATION_MODE = wholemodule;
				SWIFT_OPTIMIZATION_LEVEL = "-O";
				VALIDATE_PRODUCT = YES;
			};
			name = Release;
		};
		D5DD58482A09089A0058BA23 /* Debug */ = {
			isa = XCBuildConfiguration;
			buildSettings = {
				ASSETCATALOG_COMPILER_APPICON_NAME = AppIcon;
				ASSETCATALOG_COMPILER_GLOBAL_ACCENT_COLOR_NAME = AccentColor;
				CODE_SIGN_STYLE = Automatic;
				CURRENT_PROJECT_VERSION = 1;
				DEVELOPMENT_TEAM = U4CM69XWB9;
				GENERATE_INFOPLIST_FILE = YES;
				INFOPLIST_FILE = Rhythm/Info.plist;
				INFOPLIST_KEY_UIApplicationSupportsIndirectInputEvents = YES;
				INFOPLIST_KEY_UILaunchStoryboardName = LaunchScreen;
				INFOPLIST_KEY_UIMainStoryboardFile = Main;
				INFOPLIST_KEY_UIStatusBarStyle = UIStatusBarStyleLightContent;
				INFOPLIST_KEY_UISupportedInterfaceOrientations = UIInterfaceOrientationPortrait;
				INFOPLIST_KEY_UISupportedInterfaceOrientations_iPad = "UIInterfaceOrientationLandscapeLeft UIInterfaceOrientationLandscapeRight UIInterfaceOrientationPortrait UIInterfaceOrientationPortraitUpsideDown";
				INFOPLIST_KEY_UIUserInterfaceStyle = Dark;
				LD_RUNPATH_SEARCH_PATHS = (
					"$(inherited)",
					"@executable_path/Frameworks",
				);
				MARKETING_VERSION = 1.0;
				PRODUCT_BUNDLE_IDENTIFIER = com.batuhandemirbas.Rhythm;
				PRODUCT_NAME = "$(TARGET_NAME)";
				SUPPORTED_PLATFORMS = "iphoneos iphonesimulator";
				SUPPORTS_MACCATALYST = NO;
				SUPPORTS_MAC_DESIGNED_FOR_IPHONE_IPAD = NO;
				SWIFT_EMIT_LOC_STRINGS = YES;
				SWIFT_VERSION = 5.0;
				TARGETED_DEVICE_FAMILY = 1;
			};
			name = Debug;
		};
		D5DD58492A09089A0058BA23 /* Release */ = {
			isa = XCBuildConfiguration;
			buildSettings = {
				ASSETCATALOG_COMPILER_APPICON_NAME = AppIcon;
				ASSETCATALOG_COMPILER_GLOBAL_ACCENT_COLOR_NAME = AccentColor;
				CODE_SIGN_STYLE = Automatic;
				CURRENT_PROJECT_VERSION = 1;
				DEVELOPMENT_TEAM = U4CM69XWB9;
				GENERATE_INFOPLIST_FILE = YES;
				INFOPLIST_FILE = Rhythm/Info.plist;
				INFOPLIST_KEY_UIApplicationSupportsIndirectInputEvents = YES;
				INFOPLIST_KEY_UILaunchStoryboardName = LaunchScreen;
				INFOPLIST_KEY_UIMainStoryboardFile = Main;
				INFOPLIST_KEY_UIStatusBarStyle = UIStatusBarStyleLightContent;
				INFOPLIST_KEY_UISupportedInterfaceOrientations = UIInterfaceOrientationPortrait;
				INFOPLIST_KEY_UISupportedInterfaceOrientations_iPad = "UIInterfaceOrientationLandscapeLeft UIInterfaceOrientationLandscapeRight UIInterfaceOrientationPortrait UIInterfaceOrientationPortraitUpsideDown";
				INFOPLIST_KEY_UIUserInterfaceStyle = Dark;
				LD_RUNPATH_SEARCH_PATHS = (
					"$(inherited)",
					"@executable_path/Frameworks",
				);
				MARKETING_VERSION = 1.0;
				PRODUCT_BUNDLE_IDENTIFIER = com.batuhandemirbas.Rhythm;
				PRODUCT_NAME = "$(TARGET_NAME)";
				SUPPORTED_PLATFORMS = "iphoneos iphonesimulator";
				SUPPORTS_MACCATALYST = NO;
				SUPPORTS_MAC_DESIGNED_FOR_IPHONE_IPAD = NO;
				SWIFT_EMIT_LOC_STRINGS = YES;
				SWIFT_VERSION = 5.0;
				TARGETED_DEVICE_FAMILY = 1;
			};
			name = Release;
		};
/* End XCBuildConfiguration section */

/* Begin XCConfigurationList section */
		D5DD582E2A0908980058BA23 /* Build configuration list for PBXProject "Rhythm" */ = {
			isa = XCConfigurationList;
			buildConfigurations = (
				D5DD58452A09089A0058BA23 /* Debug */,
				D5DD58462A09089A0058BA23 /* Release */,
			);
			defaultConfigurationIsVisible = 0;
			defaultConfigurationName = Release;
		};
		D5DD58472A09089A0058BA23 /* Build configuration list for PBXNativeTarget "Rhythm" */ = {
			isa = XCConfigurationList;
			buildConfigurations = (
				D5DD58482A09089A0058BA23 /* Debug */,
				D5DD58492A09089A0058BA23 /* Release */,
			);
			defaultConfigurationIsVisible = 0;
			defaultConfigurationName = Release;
		};
/* End XCConfigurationList section */

/* Begin XCRemoteSwiftPackageReference section */
		D5DD58512A090BB30058BA23 /* XCRemoteSwiftPackageReference "Alamofire" */ = {
			isa = XCRemoteSwiftPackageReference;
			repositoryURL = "https://github.com/Alamofire/Alamofire";
			requirement = {
				kind = upToNextMajorVersion;
				minimumVersion = 5.0.0;
			};
		};
		D5DD58542A090BC70058BA23 /* XCRemoteSwiftPackageReference "Kingfisher" */ = {
			isa = XCRemoteSwiftPackageReference;
			repositoryURL = "https://github.com/onevcat/Kingfisher.git";
			requirement = {
				kind = upToNextMajorVersion;
				minimumVersion = 7.0.0;
			};
		};
		D5DD58572A090C020058BA23 /* XCRemoteSwiftPackageReference "SkeletonView" */ = {
			isa = XCRemoteSwiftPackageReference;
			repositoryURL = "https://github.com/Juanpe/SkeletonView.git";
			requirement = {
				kind = upToNextMajorVersion;
				minimumVersion = 1.0.0;
			};
		};
/* End XCRemoteSwiftPackageReference section */

/* Begin XCSwiftPackageProductDependency section */
		D5DD58522A090BB30058BA23 /* Alamofire */ = {
			isa = XCSwiftPackageProductDependency;
			package = D5DD58512A090BB30058BA23 /* XCRemoteSwiftPackageReference "Alamofire" */;
			productName = Alamofire;
		};
		D5DD58552A090BC70058BA23 /* Kingfisher */ = {
			isa = XCSwiftPackageProductDependency;
			package = D5DD58542A090BC70058BA23 /* XCRemoteSwiftPackageReference "Kingfisher" */;
			productName = Kingfisher;
		};
		D5DD58582A090C020058BA23 /* SkeletonView */ = {
			isa = XCSwiftPackageProductDependency;
			package = D5DD58572A090C020058BA23 /* XCRemoteSwiftPackageReference "SkeletonView" */;
			productName = SkeletonView;
		};
/* End XCSwiftPackageProductDependency section */

/* Begin XCVersionGroup section */
		D58FC2362A0D3C0700FF666D /* Database.xcdatamodeld */ = {
			isa = XCVersionGroup;
			children = (
				D58FC2372A0D3C0700FF666D /* FavoritesEntity.xcdatamodel */,
			);
			currentVersion = D58FC2372A0D3C0700FF666D /* FavoritesEntity.xcdatamodel */;
			path = Database.xcdatamodeld;
			sourceTree = "<group>";
			versionGroupType = wrapper.xcdatamodel;
		};
/* End XCVersionGroup section */
	};
	rootObject = D5DD582B2A0908980058BA23 /* Project object */;
}
